// !$*UTF8*$!
{
	archiveVersion = 1;
	classes = {
	};
	objectVersion = 46;
	objects = {

/* Begin PBXBuildFile section */
		7FED09F21E79A1A300CB178E /* MHWalkthrough.framework in Frameworks */ = {isa = PBXBuildFile; fileRef = 7FED09E81E79A1A300CB178E /* MHWalkthrough.framework */; };
		7FED09F71E79A1A300CB178E /* MHWalkthroughTests.swift in Sources */ = {isa = PBXBuildFile; fileRef = 7FED09F61E79A1A300CB178E /* MHWalkthroughTests.swift */; };
		7FED09F91E79A1A300CB178E /* MHWalkthrough.h in Headers */ = {isa = PBXBuildFile; fileRef = 7FED09EB1E79A1A300CB178E /* MHWalkthrough.h */; settings = {ATTRIBUTES = (Public, ); }; };
/* End PBXBuildFile section */

/* Begin PBXContainerItemProxy section */
		7FED09F31E79A1A300CB178E /* PBXContainerItemProxy */ = {
			isa = PBXContainerItemProxy;
			containerPortal = 7FED09DF1E79A1A300CB178E /* Project object */;
			proxyType = 1;
			remoteGlobalIDString = 7FED09E71E79A1A300CB178E;
			remoteInfo = MHWalkthrough;
		};
/* End PBXContainerItemProxy section */

/* Begin PBXFileReference section */
		7FED09E81E79A1A300CB178E /* MHWalkthrough.framework */ = {isa = PBXFileReference; explicitFileType = wrapper.framework; includeInIndex = 0; path = MHWalkthrough.framework; sourceTree = BUILT_PRODUCTS_DIR; };
		7FED09EB1E79A1A300CB178E /* MHWalkthrough.h */ = {isa = PBXFileReference; lastKnownFileType = sourcecode.c.h; path = MHWalkthrough.h; sourceTree = "<group>"; };
		7FED09EC1E79A1A300CB178E /* Info.plist */ = {isa = PBXFileReference; lastKnownFileType = text.plist.xml; path = Info.plist; sourceTree = "<group>"; };
		7FED09F11E79A1A300CB178E /* MHWalkthroughTests.xctest */ = {isa = PBXFileReference; explicitFileType = wrapper.cfbundle; includeInIndex = 0; path = MHWalkthroughTests.xctest; sourceTree = BUILT_PRODUCTS_DIR; };
		7FED09F61E79A1A300CB178E /* MHWalkthroughTests.swift */ = {isa = PBXFileReference; lastKnownFileType = sourcecode.swift; path = MHWalkthroughTests.swift; sourceTree = "<group>"; };
		7FED09F81E79A1A300CB178E /* Info.plist */ = {isa = PBXFileReference; lastKnownFileType = text.plist.xml; path = Info.plist; sourceTree = "<group>"; };
/* End PBXFileReference section */

/* Begin PBXFrameworksBuildPhase section */
		7FED09E41E79A1A300CB178E /* Frameworks */ = {
			isa = PBXFrameworksBuildPhase;
			buildActionMask = 2147483647;
			files = (
			);
			runOnlyForDeploymentPostprocessing = 0;
		};
		7FED09EE1E79A1A300CB178E /* Frameworks */ = {
			isa = PBXFrameworksBuildPhase;
			buildActionMask = 2147483647;
			files = (
				7FED09F21E79A1A300CB178E /* MHWalkthrough.framework in Frameworks */,
			);
			runOnlyForDeploymentPostprocessing = 0;
		};
/* End PBXFrameworksBuildPhase section */

/* Begin PBXGroup section */
		7FED09DE1E79A1A300CB178E = {
			isa = PBXGroup;
			children = (
				7FED09EA1E79A1A300CB178E /* MHWalkthrough */,
				7FED09F51E79A1A300CB178E /* MHWalkthroughTests */,
				7FED09E91E79A1A300CB178E /* Products */,
			);
			sourceTree = "<group>";
		};
		7FED09E91E79A1A300CB178E /* Products */ = {
			isa = PBXGroup;
			children = (
				7FED09E81E79A1A300CB178E /* MHWalkthrough.framework */,
				7FED09F11E79A1A300CB178E /* MHWalkthroughTests.xctest */,
			);
			name = Products;
			sourceTree = "<group>";
		};
		7FED09EA1E79A1A300CB178E /* MHWalkthrough */ = {
			isa = PBXGroup;
			children = (
				7FED09EB1E79A1A300CB178E /* MHWalkthrough.h */,
				7FED09EC1E79A1A300CB178E /* Info.plist */,
			);
			path = MHWalkthrough;
			sourceTree = "<group>";
		};
		7FED09F51E79A1A300CB178E /* MHWalkthroughTests */ = {
			isa = PBXGroup;
			children = (
				7FED09F61E79A1A300CB178E /* MHWalkthroughTests.swift */,
				7FED09F81E79A1A300CB178E /* Info.plist */,
			);
			path = MHWalkthroughTests;
			sourceTree = "<group>";
		};
/* End PBXGroup section */

/* Begin PBXHeadersBuildPhase section */
		7FED09E51E79A1A300CB178E /* Headers */ = {
			isa = PBXHeadersBuildPhase;
			buildActionMask = 2147483647;
			files = (
				7FED09F91E79A1A300CB178E /* MHWalkthrough.h in Headers */,
			);
			runOnlyForDeploymentPostprocessing = 0;
		};
/* End PBXHeadersBuildPhase section */

/* Begin PBXNativeTarget section */
		7FED09E71E79A1A300CB178E /* MHWalkthrough */ = {
			isa = PBXNativeTarget;
			buildConfigurationList = 7FED09FC1E79A1A300CB178E /* Build configuration list for PBXNativeTarget "MHWalkthrough" */;
			buildPhases = (
				7FED09E31E79A1A300CB178E /* Sources */,
				7FED09E41E79A1A300CB178E /* Frameworks */,
				7FED09E51E79A1A300CB178E /* Headers */,
				7FED09E61E79A1A300CB178E /* Resources */,
			);
			buildRules = (
			);
			dependencies = (
			);
			name = MHWalkthrough;
			productName = MHWalkthrough;
			productReference = 7FED09E81E79A1A300CB178E /* MHWalkthrough.framework */;
			productType = "com.apple.product-type.framework";
		};
		7FED09F01E79A1A300CB178E /* MHWalkthroughTests */ = {
			isa = PBXNativeTarget;
			buildConfigurationList = 7FED09FF1E79A1A300CB178E /* Build configuration list for PBXNativeTarget "MHWalkthroughTests" */;
			buildPhases = (
				7FED09ED1E79A1A300CB178E /* Sources */,
				7FED09EE1E79A1A300CB178E /* Frameworks */,
				7FED09EF1E79A1A300CB178E /* Resources */,
			);
			buildRules = (
			);
			dependencies = (
				7FED09F41E79A1A300CB178E /* PBXTargetDependency */,
			);
			name = MHWalkthroughTests;
			productName = MHWalkthroughTests;
			productReference = 7FED09F11E79A1A300CB178E /* MHWalkthroughTests.xctest */;
			productType = "com.apple.product-type.bundle.unit-test";
		};
/* End PBXNativeTarget section */

/* Begin PBXProject section */
		7FED09DF1E79A1A300CB178E /* Project object */ = {
			isa = PBXProject;
			attributes = {
				LastSwiftUpdateCheck = 0820;
				LastUpgradeCheck = 0820;
				ORGANIZATIONNAME = "Maiko Hermans";
				TargetAttributes = {
					7FED09E71E79A1A300CB178E = {
						CreatedOnToolsVersion = 8.2.1;
						DevelopmentTeam = 537UN6KEVU;
						ProvisioningStyle = Automatic;
					};
					7FED09F01E79A1A300CB178E = {
						CreatedOnToolsVersion = 8.2.1;
						DevelopmentTeam = 537UN6KEVU;
						ProvisioningStyle = Automatic;
					};
				};
			};
			buildConfigurationList = 7FED09E21E79A1A300CB178E /* Build configuration list for PBXProject "MHWalkthrough" */;
			compatibilityVersion = "Xcode 3.2";
			developmentRegion = English;
			hasScannedForEncodings = 0;
			knownRegions = (
				en,
			);
			mainGroup = 7FED09DE1E79A1A300CB178E;
			productRefGroup = 7FED09E91E79A1A300CB178E /* Products */;
			projectDirPath = "";
			projectRoot = "";
			targets = (
				7FED09E71E79A1A300CB178E /* MHWalkthrough */,
				7FED09F01E79A1A300CB178E /* MHWalkthroughTests */,
			);
		};
/* End PBXProject section */

/* Begin PBXResourcesBuildPhase section */
		7FED09E61E79A1A300CB178E /* Resources */ = {
			isa = PBXResourcesBuildPhase;
			buildActionMask = 2147483647;
			files = (
			);
			runOnlyForDeploymentPostprocessing = 0;
		};
		7FED09EF1E79A1A300CB178E /* Resources */ = {
			isa = PBXResourcesBuildPhase;
			buildActionMask = 2147483647;
			files = (
			);
			runOnlyForDeploymentPostprocessing = 0;
		};
/* End PBXResourcesBuildPhase section */

/* Begin PBXSourcesBuildPhase section */
		7FED09E31E79A1A300CB178E /* Sources */ = {
			isa = PBXSourcesBuildPhase;
			buildActionMask = 2147483647;
			files = (
			);
			runOnlyForDeploymentPostprocessing = 0;
		};
		7FED09ED1E79A1A300CB178E /* Sources */ = {
			isa = PBXSourcesBuildPhase;
			buildActionMask = 2147483647;
			files = (
				7FED09F71E79A1A300CB178E /* MHWalkthroughTests.swift in Sources */,
			);
			runOnlyForDeploymentPostprocessing = 0;
		};
/* End PBXSourcesBuildPhase section */

/* Begin PBXTargetDependency section */
		7FED09F41E79A1A300CB178E /* PBXTargetDependency */ = {
			isa = PBXTargetDependency;
			target = 7FED09E71E79A1A300CB178E /* MHWalkthrough */;
			targetProxy = 7FED09F31E79A1A300CB178E /* PBXContainerItemProxy */;
		};
/* End PBXTargetDependency section */

/* Begin XCBuildConfiguration section */
		7FED09FA1E79A1A300CB178E /* Debug */ = {
			isa = XCBuildConfiguration;
			buildSettings = {
				ALWAYS_SEARCH_USER_PATHS = NO;
				CLANG_ANALYZER_NONNULL = YES;
				CLANG_CXX_LANGUAGE_STANDARD = "gnu++0x";
				CLANG_CXX_LIBRARY = "libc++";
				CLANG_ENABLE_MODULES = YES;
				CLANG_ENABLE_OBJC_ARC = YES;
				CLANG_WARN_BOOL_CONVERSION = YES;
				CLANG_WARN_CONSTANT_CONVERSION = YES;
				CLANG_WARN_DIRECT_OBJC_ISA_USAGE = YES_ERROR;
				CLANG_WARN_DOCUMENTATION_COMMENTS = YES;
				CLANG_WARN_EMPTY_BODY = YES;
				CLANG_WARN_ENUM_CONVERSION = YES;
				CLANG_WARN_INFINITE_RECURSION = YES;
				CLANG_WARN_INT_CONVERSION = YES;
				CLANG_WARN_OBJC_ROOT_CLASS = YES_ERROR;
				CLANG_WARN_SUSPICIOUS_MOVE = YES;
				CLANG_WARN_UNREACHABLE_CODE = YES;
				CLANG_WARN__DUPLICATE_METHOD_MATCH = YES;
				"CODE_SIGN_IDENTITY[sdk=iphoneos*]" = "iPhone Developer";
				COPY_PHASE_STRIP = NO;
				CURRENT_PROJECT_VERSION = 1;
				DEBUG_INFORMATION_FORMAT = dwarf;
				ENABLE_STRICT_OBJC_MSGSEND = YES;
				ENABLE_TESTABILITY = YES;
				GCC_C_LANGUAGE_STANDARD = gnu99;
				GCC_DYNAMIC_NO_PIC = NO;
				GCC_NO_COMMON_BLOCKS = YES;
				GCC_OPTIMIZATION_LEVEL = 0;
				GCC_PREPROCESSOR_DEFINITIONS = (
					"DEBUG=1",
					"$(inherited)",
				);
				GCC_WARN_64_TO_32_BIT_CONVERSION = YES;
				GCC_WARN_ABOUT_RETURN_TYPE = YES_ERROR;
				GCC_WARN_UNDECLARED_SELECTOR = YES;
				GCC_WARN_UNINITIALIZED_AUTOS = YES_AGGRESSIVE;
				GCC_WARN_UNUSED_FUNCTION = YES;
				GCC_WARN_UNUSED_VARIABLE = YES;
				IPHONEOS_DEPLOYMENT_TARGET = 10.2;
				MTL_ENABLE_DEBUG_INFO = YES;
				ONLY_ACTIVE_ARCH = YES;
				SDKROOT = iphoneos;
				SWIFT_ACTIVE_COMPILATION_CONDITIONS = DEBUG;
				SWIFT_OPTIMIZATION_LEVEL = "-Onone";
				TARGETED_DEVICE_FAMILY = "1,2";
				VERSIONING_SYSTEM = "apple-generic";
				VERSION_INFO_PREFIX = "";
			};
			name = Debug;
		};
		7FED09FB1E79A1A300CB178E /* Release */ = {
			isa = XCBuildConfiguration;
			buildSettings = {
				ALWAYS_SEARCH_USER_PATHS = NO;
				CLANG_ANALYZER_NONNULL = YES;
				CLANG_CXX_LANGUAGE_STANDARD = "gnu++0x";
				CLANG_CXX_LIBRARY = "libc++";
				CLANG_ENABLE_MODULES = YES;
				CLANG_ENABLE_OBJC_ARC = YES;
				CLANG_WARN_BOOL_CONVERSION = YES;
				CLANG_WARN_CONSTANT_CONVERSION = YES;
				CLANG_WARN_DIRECT_OBJC_ISA_USAGE = YES_ERROR;
				CLANG_WARN_DOCUMENTATION_COMMENTS = YES;
				CLANG_WARN_EMPTY_BODY = YES;
				CLANG_WARN_ENUM_CONVERSION = YES;
				CLANG_WARN_INFINITE_RECURSION = YES;
				CLANG_WARN_INT_CONVERSION = YES;
				CLANG_WARN_OBJC_ROOT_CLASS = YES_ERROR;
				CLANG_WARN_SUSPICIOUS_MOVE = YES;
				CLANG_WARN_UNREACHABLE_CODE = YES;
				CLANG_WARN__DUPLICATE_METHOD_MATCH = YES;
				"CODE_SIGN_IDENTITY[sdk=iphoneos*]" = "iPhone Developer";
				COPY_PHASE_STRIP = NO;
				CURRENT_PROJECT_VERSION = 1;
				DEBUG_INFORMATION_FORMAT = "dwarf-with-dsym";
				ENABLE_NS_ASSERTIONS = NO;
				ENABLE_STRICT_OBJC_MSGSEND = YES;
				GCC_C_LANGUAGE_STANDARD = gnu99;
				GCC_NO_COMMON_BLOCKS = YES;
				GCC_WARN_64_TO_32_BIT_CONVERSION = YES;
				GCC_WARN_ABOUT_RETURN_TYPE = YES_ERROR;
				GCC_WARN_UNDECLARED_SELECTOR = YES;
				GCC_WARN_UNINITIALIZED_AUTOS = YES_AGGRESSIVE;
				GCC_WARN_UNUSED_FUNCTION = YES;
				GCC_WARN_UNUSED_VARIABLE = YES;
				IPHONEOS_DEPLOYMENT_TARGET = 10.2;
				MTL_ENABLE_DEBUG_INFO = NO;
				SDKROOT = iphoneos;
				SWIFT_OPTIMIZATION_LEVEL = "-Owholemodule";
				TARGETED_DEVICE_FAMILY = "1,2";
				VALIDATE_PRODUCT = YES;
				VERSIONING_SYSTEM = "apple-generic";
				VERSION_INFO_PREFIX = "";
			};
			name = Release;
		};
		7FED09FD1E79A1A300CB178E /* Debug */ = {
			isa = XCBuildConfiguration;
			buildSettings = {
				CODE_SIGN_IDENTITY = "";
				DEFINES_MODULE = YES;
				DEVELOPMENT_TEAM = 537UN6KEVU;
				DYLIB_COMPATIBILITY_VERSION = 1;
				DYLIB_CURRENT_VERSION = 1;
				DYLIB_INSTALL_NAME_BASE = "@rpath";
				INFOPLIST_FILE = MHWalkthrough/Info.plist;
				INSTALL_PATH = "$(LOCAL_LIBRARY_DIR)/Frameworks";
				LD_RUNPATH_SEARCH_PATHS = "$(inherited) @executable_path/Frameworks @loader_path/Frameworks";
				PRODUCT_BUNDLE_IDENTIFIER = com.mhermans.MHWalkthrough;
				PRODUCT_NAME = "$(TARGET_NAME)";
				SKIP_INSTALL = YES;
				SWIFT_VERSION = 3.0;
			};
			name = Debug;
		};
		7FED09FE1E79A1A300CB178E /* Release */ = {
			isa = XCBuildConfiguration;
			buildSettings = {
				CODE_SIGN_IDENTITY = "";
				DEFINES_MODULE = YES;
				DEVELOPMENT_TEAM = 537UN6KEVU;
				DYLIB_COMPATIBILITY_VERSION = 1;
				DYLIB_CURRENT_VERSION = 1;
				DYLIB_INSTALL_NAME_BASE = "@rpath";
				INFOPLIST_FILE = MHWalkthrough/Info.plist;
				INSTALL_PATH = "$(LOCAL_LIBRARY_DIR)/Frameworks";
				LD_RUNPATH_SEARCH_PATHS = "$(inherited) @executable_path/Frameworks @loader_path/Frameworks";
				PRODUCT_BUNDLE_IDENTIFIER = com.mhermans.MHWalkthrough;
				PRODUCT_NAME = "$(TARGET_NAME)";
				SKIP_INSTALL = YES;
				SWIFT_VERSION = 3.0;
			};
			name = Release;
		};
		7FED0A001E79A1A300CB178E /* Debug */ = {
			isa = XCBuildConfiguration;
			buildSettings = {
				DEVELOPMENT_TEAM = 537UN6KEVU;
				INFOPLIST_FILE = MHWalkthroughTests/Info.plist;
				LD_RUNPATH_SEARCH_PATHS = "$(inherited) @executable_path/Frameworks @loader_path/Frameworks";
				PRODUCT_BUNDLE_IDENTIFIER = com.mhermans.MHWalkthroughTests;
				PRODUCT_NAME = "$(TARGET_NAME)";
				SWIFT_VERSION = 3.0;
			};
			name = Debug;
		};
		7FED0A011E79A1A300CB178E /* Release */ = {
			isa = XCBuildConfiguration;
			buildSettings = {
				DEVELOPMENT_TEAM = 537UN6KEVU;
				INFOPLIST_FILE = MHWalkthroughTests/Info.plist;
				LD_RUNPATH_SEARCH_PATHS = "$(inherited) @executable_path/Frameworks @loader_path/Frameworks";
				PRODUCT_BUNDLE_IDENTIFIER = com.mhermans.MHWalkthroughTests;
				PRODUCT_NAME = "$(TARGET_NAME)";
				SWIFT_VERSION = 3.0;
			};
			name = Release;
		};
/* End XCBuildConfiguration section */

/* Begin XCConfigurationList section */
		7FED09E21E79A1A300CB178E /* Build configuration list for PBXProject "MHWalkthrough" */ = {
			isa = XCConfigurationList;
			buildConfigurations = (
				7FED09FA1E79A1A300CB178E /* Debug */,
				7FED09FB1E79A1A300CB178E /* Release */,
			);
			defaultConfigurationIsVisible = 0;
			defaultConfigurationName = Release;
		};
		7FED09FC1E79A1A300CB178E /* Build configuration list for PBXNativeTarget "MHWalkthrough" */ = {
			isa = XCConfigurationList;
			buildConfigurations = (
				7FED09FD1E79A1A300CB178E /* Debug */,
				7FED09FE1E79A1A300CB178E /* Release */,
			);
			defaultConfigurationIsVisible = 0;
		};
		7FED09FF1E79A1A300CB178E /* Build configuration list for PBXNativeTarget "MHWalkthroughTests" */ = {
			isa = XCConfigurationList;
			buildConfigurations = (
				7FED0A001E79A1A300CB178E /* Debug */,
				7FED0A011E79A1A300CB178E /* Release */,
			);
			defaultConfigurationIsVisible = 0;
		};
/* End XCConfigurationList section */
	};
	rootObject = 7FED09DF1E79A1A300CB178E /* Project object */;
}
